
Microsoft Visual Studio Solution File, Format Version 12.00
# Visual Studio Version 16
VisualStudioVersion = 16.0.810.13
MinimumVisualStudioVersion = 10.0.40219.1
Project("{FAE04EC0-301F-11D3-BF4B-00C04F79EFBC}") = "MvvmCrossApp.Core", "MvvmCrossApp.Core\MvvmCrossApp.Core.csproj", "{1C6F19EC-F1CB-4FEB-9A5F-1BE2316F5F5B}"
EndProject
Project("{FAE04EC0-301F-11D3-BF4B-00C04F79EFBC}") = "MvvmCrossApp.Droid", "MvvmCrossApp.Droid\MvvmCrossApp.Droid.csproj", "{92FEE0F4-0049-48FD-9650-9C5487984F12}"
EndProject
Project("{FAE04EC0-301F-11D3-BF4B-00C04F79EFBC}") = "MvvmCrossApp.iOS", "MvvmCrossApp.iOS\MvvmCrossApp.iOS.csproj", "{08DA3BD7-07FC-4B3A-A8BD-DE8BDCA1D3EB}"
EndProject
Project("{FAE04EC0-301F-11D3-BF4B-00C04F79EFBC}") = "MvvmCrossApp.Tests", "MvvmCrossApp.Tests\MvvmCrossApp.Tests.csproj", "{3567CC16-CBAB-4335-AD40-956D3E14FEE0}"
EndProject
Project("{FAE04EC0-301F-11D3-BF4B-00C04F79EFBC}") = "MvvmCrossApp.Forms.UI", "MvvmCrossApp.Forms.UI\MvvmCrossApp.Forms.UI.csproj", "{3283825E-2305-4528-863C-26DAD51FBBA5}"
EndProject
Global
	GlobalSection(SolutionConfigurationPlatforms) = preSolution
		Debug|Any CPU = Debug|Any CPU
		Release|Any CPU = Release|Any CPU
		Debug|iPhoneSimulator = Debug|iPhoneSimulator
		Release|iPhoneSimulator = Release|iPhoneSimulator
		Debug|iPhone = Debug|iPhone
		Release|iPhone = Release|iPhone
	EndGlobalSection
	GlobalSection(ProjectConfigurationPlatforms) = postSolution
		{1C6F19EC-F1CB-4FEB-9A5F-1BE2316F5F5B}.Debug|Any CPU.ActiveCfg = Debug|Any CPU
		{1C6F19EC-F1CB-4FEB-9A5F-1BE2316F5F5B}.Debug|Any CPU.Build.0 = Debug|Any CPU
		{1C6F19EC-F1CB-4FEB-9A5F-1BE2316F5F5B}.Release|Any CPU.ActiveCfg = Release|Any CPU
		{1C6F19EC-F1CB-4FEB-9A5F-1BE2316F5F5B}.Release|Any CPU.Build.0 = Release|Any CPU
		{1C6F19EC-F1CB-4FEB-9A5F-1BE2316F5F5B}.Debug|iPhoneSimulator.ActiveCfg = Debug|Any CPU
		{1C6F19EC-F1CB-4FEB-9A5F-1BE2316F5F5B}.Debug|iPhoneSimulator.Build.0 = Debug|Any CPU
		{1C6F19EC-F1CB-4FEB-9A5F-1BE2316F5F5B}.Release|iPhoneSimulator.ActiveCfg = Release|Any CPU
		{1C6F19EC-F1CB-4FEB-9A5F-1BE2316F5F5B}.Release|iPhoneSimulator.Build.0 = Release|Any CPU
		{1C6F19EC-F1CB-4FEB-9A5F-1BE2316F5F5B}.Debug|iPhone.ActiveCfg = Debug|Any CPU
		{1C6F19EC-F1CB-4FEB-9A5F-1BE2316F5F5B}.Debug|iPhone.Build.0 = Debug|Any CPU
		{1C6F19EC-F1CB-4FEB-9A5F-1BE2316F5F5B}.Release|iPhone.ActiveCfg = Release|Any CPU
		{1C6F19EC-F1CB-4FEB-9A5F-1BE2316F5F5B}.Release|iPhone.Build.0 = Release|Any CPU
		{92FEE0F4-0049-48FD-9650-9C5487984F12}.Debug|Any CPU.ActiveCfg = Debug|Any CPU
		{92FEE0F4-0049-48FD-9650-9C5487984F12}.Debug|Any CPU.Build.0 = Debug|Any CPU
		{92FEE0F4-0049-48FD-9650-9C5487984F12}.Release|Any CPU.ActiveCfg = Release|Any CPU
		{92FEE0F4-0049-48FD-9650-9C5487984F12}.Release|Any CPU.Build.0 = Release|Any CPU
		{92FEE0F4-0049-48FD-9650-9C5487984F12}.Debug|iPhoneSimulator.ActiveCfg = Debug|Any CPU
		{92FEE0F4-0049-48FD-9650-9C5487984F12}.Debug|iPhoneSimulator.Build.0 = Debug|Any CPU
		{92FEE0F4-0049-48FD-9650-9C5487984F12}.Release|iPhoneSimulator.ActiveCfg = Release|Any CPU
		{92FEE0F4-0049-48FD-9650-9C5487984F12}.Release|iPhoneSimulator.Build.0 = Release|Any CPU
		{92FEE0F4-0049-48FD-9650-9C5487984F12}.Debug|iPhone.ActiveCfg = Debug|Any CPU
		{92FEE0F4-0049-48FD-9650-9C5487984F12}.Debug|iPhone.Build.0 = Debug|Any CPU
		{92FEE0F4-0049-48FD-9650-9C5487984F12}.Release|iPhone.ActiveCfg = Release|Any CPU
		{92FEE0F4-0049-48FD-9650-9C5487984F12}.Release|iPhone.Build.0 = Release|Any CPU
		{08DA3BD7-07FC-4B3A-A8BD-DE8BDCA1D3EB}.Debug|Any CPU.ActiveCfg = Debug|iPhoneSimulator
		{08DA3BD7-07FC-4B3A-A8BD-DE8BDCA1D3EB}.Debug|Any CPU.Build.0 = Debug|iPhoneSimulator
		{08DA3BD7-07FC-4B3A-A8BD-DE8BDCA1D3EB}.Release|Any CPU.ActiveCfg = Release|iPhoneSimulator
		{08DA3BD7-07FC-4B3A-A8BD-DE8BDCA1D3EB}.Release|Any CPU.Build.0 = Release|iPhoneSimulator
		{08DA3BD7-07FC-4B3A-A8BD-DE8BDCA1D3EB}.Debug|iPhoneSimulator.ActiveCfg = Debug|iPhoneSimulator
		{08DA3BD7-07FC-4B3A-A8BD-DE8BDCA1D3EB}.Debug|iPhoneSimulator.Build.0 = Debug|iPhoneSimulator
		{08DA3BD7-07FC-4B3A-A8BD-DE8BDCA1D3EB}.Release|iPhoneSimulator.ActiveCfg = Release|iPhoneSimulator
		{08DA3BD7-07FC-4B3A-A8BD-DE8BDCA1D3EB}.Release|iPhoneSimulator.Build.0 = Release|iPhoneSimulator
		{08DA3BD7-07FC-4B3A-A8BD-DE8BDCA1D3EB}.Debug|iPhone.ActiveCfg = Debug|iPhone
		{08DA3BD7-07FC-4B3A-A8BD-DE8BDCA1D3EB}.Debug|iPhone.Build.0 = Debug|iPhone
		{08DA3BD7-07FC-4B3A-A8BD-DE8BDCA1D3EB}.Release|iPhone.ActiveCfg = Release|iPhone
		{08DA3BD7-07FC-4B3A-A8BD-DE8BDCA1D3EB}.Release|iPhone.Build.0 = Release|iPhone
		{3567CC16-CBAB-4335-AD40-956D3E14FEE0}.Debug|Any CPU.ActiveCfg = Debug|Any CPU
		{3567CC16-CBAB-4335-AD40-956D3E14FEE0}.Debug|Any CPU.Build.0 = Debug|Any CPU
		{3567CC16-CBAB-4335-AD40-956D3E14FEE0}.Release|Any CPU.ActiveCfg = Release|Any CPU
		{3567CC16-CBAB-4335-AD40-956D3E14FEE0}.Release|Any CPU.Build.0 = Release|Any CPU
		{3567CC16-CBAB-4335-AD40-956D3E14FEE0}.Debug|iPhoneSimulator.ActiveCfg = Debug|Any CPU
		{3567CC16-CBAB-4335-AD40-956D3E14FEE0}.Debug|iPhoneSimulator.Build.0 = Debug|Any CPU
		{3567CC16-CBAB-4335-AD40-956D3E14FEE0}.Release|iPhoneSimulator.ActiveCfg = Release|Any CPU
		{3567CC16-CBAB-4335-AD40-956D3E14FEE0}.Release|iPhoneSimulator.Build.0 = Release|Any CPU
		{3567CC16-CBAB-4335-AD40-956D3E14FEE0}.Debug|iPhone.ActiveCfg = Debug|Any CPU
		{3567CC16-CBAB-4335-AD40-956D3E14FEE0}.Debug|iPhone.Build.0 = Debug|Any CPU
		{3567CC16-CBAB-4335-AD40-956D3E14FEE0}.Release|iPhone.ActiveCfg = Release|Any CPU
		{3567CC16-CBAB-4335-AD40-956D3E14FEE0}.Release|iPhone.Build.0 = Release|Any CPU
		{3283825E-2305-4528-863C-26DAD51FBBA5}.Debug|Any CPU.ActiveCfg = Debug|Any CPU
		{3283825E-2305-4528-863C-26DAD51FBBA5}.Debug|Any CPU.Build.0 = Debug|Any CPU
		{3283825E-2305-4528-863C-26DAD51FBBA5}.Release|Any CPU.ActiveCfg = Release|Any CPU
		{3283825E-2305-4528-863C-26DAD51FBBA5}.Release|Any CPU.Build.0 = Release|Any CPU
		{3283825E-2305-4528-863C-26DAD51FBBA5}.Debug|iPhoneSimulator.ActiveCfg = Debug|Any CPU
		{3283825E-2305-4528-863C-26DAD51FBBA5}.Debug|iPhoneSimulator.Build.0 = Debug|Any CPU
		{3283825E-2305-4528-863C-26DAD51FBBA5}.Release|iPhoneSimulator.ActiveCfg = Release|Any CPU
		{3283825E-2305-4528-863C-26DAD51FBBA5}.Release|iPhoneSimulator.Build.0 = Release|Any CPU
		{3283825E-2305-4528-863C-26DAD51FBBA5}.Debug|iPhone.ActiveCfg = Debug|Any CPU
		{3283825E-2305-4528-863C-26DAD51FBBA5}.Debug|iPhone.Build.0 = Debug|Any CPU
		{3283825E-2305-4528-863C-26DAD51FBBA5}.Release|iPhone.ActiveCfg = Release|Any CPU
		{3283825E-2305-4528-863C-26DAD51FBBA5}.Release|iPhone.Build.0 = Release|Any CPU
	EndGlobalSection
	GlobalSection(SolutionProperties) = preSolution
		HideSolutionNode = FALSE
	EndGlobalSection
	GlobalSection(ExtensibilityGlobals) = postSolution
		SolutionGuid = {28ECD937-29D5-417E-A4E4-F659F1059F12}
	EndGlobalSection
EndGlobal
